
Microsoft Visual Studio Solution File, Format Version 12.00
# Visual Studio Version 16
VisualStudioVersion = 16.0.31019.35
MinimumVisualStudioVersion = 10.0.40219.1
Project("{FAE04EC0-301F-11D3-BF4B-00C04F79EFBC}") = "Boxer", "Boxer\Boxer.csproj", "{BC359449-8277-498A-9530-94585B08F9C6}"
EndProject
Project("{FAE04EC0-301F-11D3-BF4B-00C04F79EFBC}") = "ApiLibrary", "ApiLibrary\ApiLibrary.csproj", "{63166933-B558-4A8D-85A2-0EBBB3D2EE20}"
EndProject
Global
	GlobalSection(SolutionConfigurationPlatforms) = preSolution
		Debug|Any CPU = Debug|Any CPU
		Release|Any CPU = Release|Any CPU
	EndGlobalSection
	GlobalSection(ProjectConfigurationPlatforms) = postSolution
		{BC359449-8277-498A-9530-94585B08F9C6}.Debug|Any CPU.ActiveCfg = Debug|Any CPU
		{BC359449-8277-498A-9530-94585B08F9C6}.Debug|Any CPU.Build.0 = Debug|Any CPU
		{BC359449-8277-498A-9530-94585B08F9C6}.Release|Any CPU.ActiveCfg = Release|Any CPU
		{BC359449-8277-498A-9530-94585B08F9C6}.Release|Any CPU.Build.0 = Release|Any CPU
		{63166933-B558-4A8D-85A2-0EBBB3D2EE20}.Debug|Any CPU.ActiveCfg = Debug|Any CPU
		{63166933-B558-4A8D-85A2-0EBBB3D2EE20}.Debug|Any CPU.Build.0 = Debug|Any CPU
		{63166933-B558-4A8D-85A2-0EBBB3D2EE20}.Release|Any CPU.ActiveCfg = Release|Any CPU
		{63166933-B558-4A8D-85A2-0EBBB3D2EE20}.Release|Any CPU.Build.0 = Release|Any CPU
	EndGlobalSection
	GlobalSection(SolutionProperties) = preSolution
		HideSolutionNode = FALSE
	EndGlobalSection
	GlobalSection(ExtensibilityGlobals) = postSolution
		SolutionGuid = {D9E2696B-902A-4C78-ADD8-3D633FCC1DD9}
	EndGlobalSection
EndGlobal
